
Microsoft Visual Studio Solution File, Format Version 12.00
# Visual Studio Version 16
VisualStudioVersion = 16.0.31112.23
MinimumVisualStudioVersion = 10.0.40219.1
Project("{FAE04EC0-301F-11D3-BF4B-00C04F79EFBC}") = "HW5", "HW5\HW5.csproj", "{EADDB6DA-9FED-493E-8A9A-9867641A8900}"
EndProject
Global
	GlobalSection(SolutionConfigurationPlatforms) = preSolution
		Debug|Any CPU = Debug|Any CPU
		Release|Any CPU = Release|Any CPU
	EndGlobalSection
	GlobalSection(ProjectConfigurationPlatforms) = postSolution
		{EADDB6DA-9FED-493E-8A9A-9867641A8900}.Debug|Any CPU.ActiveCfg = Debug|Any CPU
		{EADDB6DA-9FED-493E-8A9A-9867641A8900}.Debug|Any CPU.Build.0 = Debug|Any CPU
		{EADDB6DA-9FED-493E-8A9A-9867641A8900}.Release|Any CPU.ActiveCfg = Release|Any CPU
		{EADDB6DA-9FED-493E-8A9A-9867641A8900}.Release|Any CPU.Build.0 = Release|Any CPU
	EndGlobalSection
	GlobalSection(SolutionProperties) = preSolution
		HideSolutionNode = FALSE
	EndGlobalSection
	GlobalSection(ExtensibilityGlobals) = postSolution
		SolutionGuid = {7677EC77-DE6E-426B-A200-6DB2A4E5C929}
	EndGlobalSection
EndGlobal
